
Microsoft Visual Studio Solution File, Format Version 12.00
# Visual Studio Version 17
VisualStudioVersion = 17.10.34928.147
MinimumVisualStudioVersion = 10.0.40219.1
Project("{FAE04EC0-301F-11D3-BF4B-00C04F79EFBC}") = "Лаборторна 1 (Щаблони проектування)", "Лаборторна 1 (Щаблони проектування)\Лаборторна 1 (Щаблони проектування).csproj", "{F80EA68E-61A8-4B7C-8CAA-544A8C5BB5CC}"
EndProject
Global
	GlobalSection(SolutionConfigurationPlatforms) = preSolution
		Debug|Any CPU = Debug|Any CPU
		Release|Any CPU = Release|Any CPU
	EndGlobalSection
	GlobalSection(ProjectConfigurationPlatforms) = postSolution
		{F80EA68E-61A8-4B7C-8CAA-544A8C5BB5CC}.Debug|Any CPU.ActiveCfg = Debug|Any CPU
		{F80EA68E-61A8-4B7C-8CAA-544A8C5BB5CC}.Debug|Any CPU.Build.0 = Debug|Any CPU
		{F80EA68E-61A8-4B7C-8CAA-544A8C5BB5CC}.Release|Any CPU.ActiveCfg = Release|Any CPU
		{F80EA68E-61A8-4B7C-8CAA-544A8C5BB5CC}.Release|Any CPU.Build.0 = Release|Any CPU
	EndGlobalSection
	GlobalSection(SolutionProperties) = preSolution
		HideSolutionNode = FALSE
	EndGlobalSection
	GlobalSection(ExtensibilityGlobals) = postSolution
		SolutionGuid = {FD023568-C811-45C5-89EA-96CAED81A1C5}
	EndGlobalSection
EndGlobal
